
Microsoft Visual Studio Solution File, Format Version 12.00
# Visual Studio Version 16
VisualStudioVersion = 16.0.30204.135
MinimumVisualStudioVersion = 10.0.40219.1
Project("{FAE04EC0-301F-11D3-BF4B-00C04F79EFBC}") = "FarmFresh", "FarmFresh\FarmFresh.csproj", "{EB16B088-793B-49FB-9A6C-75C30378C5D6}"
EndProject
Global
	GlobalSection(SolutionConfigurationPlatforms) = preSolution
		Debug|Any CPU = Debug|Any CPU
		Release|Any CPU = Release|Any CPU
	EndGlobalSection
	GlobalSection(ProjectConfigurationPlatforms) = postSolution
		{EB16B088-793B-49FB-9A6C-75C30378C5D6}.Debug|Any CPU.ActiveCfg = Debug|Any CPU
		{EB16B088-793B-49FB-9A6C-75C30378C5D6}.Debug|Any CPU.Build.0 = Debug|Any CPU
		{EB16B088-793B-49FB-9A6C-75C30378C5D6}.Release|Any CPU.ActiveCfg = Release|Any CPU
		{EB16B088-793B-49FB-9A6C-75C30378C5D6}.Release|Any CPU.Build.0 = Release|Any CPU
	EndGlobalSection
	GlobalSection(SolutionProperties) = preSolution
		HideSolutionNode = FALSE
	EndGlobalSection
	GlobalSection(ExtensibilityGlobals) = postSolution
		SolutionGuid = {AAB4D13F-2792-4755-85F3-823E7886225F}
	EndGlobalSection
EndGlobal
